{
  "version": "3",
  "packages": {
    "specifiers": {
      "jsr:@hono/hono@^4.6.1": "jsr:@hono/hono@4.6.1",
      "jsr:@std/dotenv@^0.225.2": "jsr:@std/dotenv@0.225.2"
    },
    "jsr": {
      "@hono/hono@4.6.1": {
        "integrity": "993704e3a2fa8e965c2fa46c57fc038bd277e781a982d3bf0fb278f6671b195f"
      },
      "@std/dotenv@0.225.2": {
        "integrity": "e2025dce4de6c7bca21dece8baddd4262b09d5187217e231b033e088e0c4dd23"
      }
    }
  },
  "remote": {},
  "workspace": {
    "dependencies": [
      "jsr:@hono/hono@^4.6.1",
      "jsr:@std/dotenv@^0.225.2"
    ]
  }
}
