{
  "version": "4",
  "specifiers": {
    "jsr:@hono/hono@^4.6.1": "4.6.1",
    "jsr:@std/dotenv@~0.225.2": "0.225.2",
    "npm:@google/generative-ai@0.21": "0.21.0",
    "npm:josa-complete@*": "2.1.3-1"
  },
  "jsr": {
    "@hono/hono@4.6.1": {
      "integrity": "993704e3a2fa8e965c2fa46c57fc038bd277e781a982d3bf0fb278f6671b195f"
    },
    "@std/dotenv@0.225.2": {
      "integrity": "e2025dce4de6c7bca21dece8baddd4262b09d5187217e231b033e088e0c4dd23"
    }
  },
  "npm": {
    "@google/generative-ai@0.21.0": {
      "integrity": "sha512-7XhUbtnlkSEZK15kN3t+tzIMxsbKm/dSkKBFalj+20NvPKe1kBY7mR2P7vuijEn+f06z5+A8bVGKO0v39cr6Wg=="
    },
    "josa-complete@2.1.3-1": {
      "integrity": "sha512-BAaxfpn2ydKm7sAW4kvH7aHXVSYog4bIaqaPOY+tvHdtHa/ICXeVX+IKNk1OWJPksvwKYcg0UES+0aGZBHjiXA=="
    }
  },
  "workspace": {
    "dependencies": [
      "jsr:@hono/hono@^4.6.1",
      "jsr:@std/dotenv@~0.225.2",
      "npm:@google/generative-ai@0.21"
    ]
  }
}
