{
  "version": "3",
  "packages": {
    "specifiers": {
      "jsr:@hono/hono": "jsr:@hono/hono@4.6.1"
    },
    "jsr": {
      "@hono/hono@4.6.1": {
        "integrity": "993704e3a2fa8e965c2fa46c57fc038bd277e781a982d3bf0fb278f6671b195f"
      }
    }
  },
  "remote": {},
  "workspace": {
    "packageJson": {
      "dependencies": [
        "npm:solid-js@^1.8.20",
        "npm:typescript@^5.5.3",
        "npm:vite-plugin-solid@^2.10.2",
        "npm:vite@^5.4.1"
      ]
    }
  }
}
